<?xml version="1.0" encoding="utf-8"?>
<!-- ========================//======================== -->
<!-- Contents(処理内容) SteelRevenant の Visual Studio filters 設定 -->
<!-- ========================//======================== -->
<!-- user(作成者) Keishi Teramoto -->
<!-- Created date(作成日) 2026 / 03 / 16 -->
<!-- last updated (最終更新日) 2026 / 03 / 20 -->
<!-- ========================//======================== -->
<Project ToolsVersion="4.0" xmlns="http://schemas.microsoft.com/developer/msbuild/2003">
  <ItemGroup>
    <Filter Include="Common">
      <UniqueIdentifier>c2d376cd-01d3-4161-ae70-8caf697a9abf</UniqueIdentifier>
    </Filter>
    <Filter Include="Assets">
      <UniqueIdentifier>33d27b96-0970-45dd-ba5c-04a726dfdc18</UniqueIdentifier>
      <Extensions>ico;cur;bmp;dds;dlg;fbx;rct;bin;rgs;gif;jpg;jpeg;jpe;resx;tga;tiff;tif;png;wav;mfcribbon-ms</Extensions>
    </Filter>
    <Filter Include="Scene">
      <UniqueIdentifier>{d5aae16e-bdc4-417b-8dcb-e89007e9684e}</UniqueIdentifier>
    </Filter>
    <Filter Include="Utility">
      <UniqueIdentifier>{d108a6ec-13ab-47aa-b985-a5ceba804569}</UniqueIdentifier>
    </Filter>
    <Filter Include="Scene\Result">
      <UniqueIdentifier>{a824c3b6-448f-464c-bc6d-dd13fb1b0b48}</UniqueIdentifier>
    </Filter>
    <Filter Include="Scene\Title">
      <UniqueIdentifier>{9214e2cb-b9dd-4d53-a3fd-ca675578a2af}</UniqueIdentifier>
    </Filter>
    <Filter Include="Scene\GameScene">
      <UniqueIdentifier>{5e4b012a-28aa-4635-8b70-f437f24efdb6}</UniqueIdentifier>
    </Filter>
    <Filter Include="Scene\GameScene\Player">
      <UniqueIdentifier>{a555bf65-38ef-428c-b3f9-9e7f93c40308}</UniqueIdentifier>
    </Filter>
    <Filter Include="Utility\DirectX">
      <UniqueIdentifier>{8b7777ce-508b-4cc4-9abb-0b01fd60b4ce}</UniqueIdentifier>
    </Filter>
    <Filter Include="SourceSystem">
      <UniqueIdentifier>{2da9610f-c154-46c1-81b0-94a95ed059c4}</UniqueIdentifier>
    </Filter>
    <Filter Include="Collision">
      <UniqueIdentifier>{8add83b9-ce89-4f61-a279-baa19954e2c0}</UniqueIdentifier>
    </Filter>
    <Filter Include="GameData">
      <UniqueIdentifier>{df4e2af9-7d78-4b71-9f2f-063be8f9105d}</UniqueIdentifier>
    </Filter>
    <Filter Include="Scene\SceneManager">
      <UniqueIdentifier>{0d24e6ad-d83a-4be8-94b0-c9173cf8165c}</UniqueIdentifier>
    </Filter>
    <Filter Include="Scene\Base">
      <UniqueIdentifier>{4fe06fd4-2cb1-41b2-af74-9a3d030904bb}</UniqueIdentifier>
    </Filter>
    <Filter Include="Scene\Select">
      <UniqueIdentifier>{6d63b2d1-e490-4e03-b4af-e4147ec4e678}</UniqueIdentifier>
    </Filter>
    <Filter Include="Scene\Settings">
      <UniqueIdentifier>{6e09e342-861d-49ce-aeff-bfd4624f0d12}</UniqueIdentifier>
    </Filter>
    <Filter Include="Resources">
      <UniqueIdentifier>{7e4124af-8913-4e0f-90db-71e7bb290bf4}</UniqueIdentifier>
    </Filter>
    <Filter Include="GameMain">
      <UniqueIdentifier>{4e04ccbc-c124-4b43-91b7-026499a93ce7}</UniqueIdentifier>
    </Filter>
    <Filter Include="Scene\GameScene\Enemy">
      <UniqueIdentifier>{35efb2dd-d86b-4860-9713-8eae725fdfa8}</UniqueIdentifier>
    </Filter>
    <Filter Include="GameSystem">
      <UniqueIdentifier>{f86c7cb6-1e59-4b47-9ca5-91c348f7f693}</UniqueIdentifier>
    </Filter>
    <Filter Include="Action">
      <UniqueIdentifier>{d4bd7b82-76fe-4aad-93ef-3fc497b24bd4}</UniqueIdentifier>
    </Filter>
    <Filter Include="Action\Combat">
      <UniqueIdentifier>{2f661c44-08ab-4de4-9b8a-8021b2f95d55}</UniqueIdentifier>
    </Filter>
    <Filter Include="Scene\GameScene\Visual">
      <UniqueIdentifier>{9f9ac6a3-a5c7-4ca0-98dd-0c76f8d4f6c8}</UniqueIdentifier>
    </Filter>
    <Filter Include="Utility\Sound">
      <UniqueIdentifier>{b2b1c59f-d3c9-4dc0-9d3b-ff29c69d26e4}</UniqueIdentifier>
    </Filter>
  </ItemGroup>
  <ItemGroup>
    <ClInclude Include="StepTimer.h">
      <Filter>Common</Filter>
    </ClInclude>
    <ClInclude Include="Source\Utility\Flag.h">
      <Filter>Utility</Filter>
    </ClInclude>
    <ClInclude Include="Source\Utility\Math.h">
      <Filter>Utility</Filter>
    </ClInclude>
    <ClInclude Include="Source\Utility\SingletonBase.h">
      <Filter>Utility</Filter>
    </ClInclude>
    <ClInclude Include="Source\Scene\ResultScene\ResultScene.h">
      <Filter>Scene\Result</Filter>
    </ClInclude>
    <ClInclude Include="Source\GameSystem\GameSaveData.h">
      <Filter>GameData</Filter>
    </ClInclude>
    <ClInclude Include="Source\Scene\TitleScene\TitleScene.h">
      <Filter>Scene\Title</Filter>
    </ClInclude>
    <ClInclude Include="Source\Scene\GameScene\GameScene.h">
      <Filter>Scene\GameScene</Filter>
    </ClInclude>
    <ClInclude Include="Source\Scene\GameScene\StageFloorStyle.h">
      <Filter>Scene\GameScene</Filter>
    </ClInclude>
    <ClInclude Include="Source\Scene\GameScene\SlashHitEffectSystem.h">
      <Filter>Scene\GameScene</Filter>
    </ClInclude>
    <ClInclude Include="Source\Utility\dx.h">
      <Filter>Utility\DirectX</Filter>
    </ClInclude>
    <ClInclude Include="Source\Utility\DirectX11.h">
      <Filter>Utility\DirectX</Filter>
    </ClInclude>
    <ClInclude Include="Source\GameSystem\Object.h">
      <Filter>GameSystem</Filter>
    </ClInclude>
    <ClInclude Include="Source\GameSystem\InputManager.h">
      <Filter>GameSystem</Filter>
    </ClInclude>
    <ClInclude Include="Source\GameSystem\Camera.h">
      <Filter>GameSystem</Filter>
    </ClInclude>
    <ClInclude Include="Source\GameSystem\DrawManager.h">
      <Filter>GameSystem</Filter>
    </ClInclude>
    <ClInclude Include="Source\GameSystem\UiUtil.h">
      <Filter>GameSystem</Filter>
    </ClInclude>
    <ClInclude Include="Source\Scene\Base\SceneBase.h">
      <Filter>Scene\Base</Filter>
    </ClInclude>
    <ClInclude Include="Source\Scene\SceneManager\SceneManager.h">
      <Filter>Scene\SceneManager</Filter>
    </ClInclude>
    <ClInclude Include="Source\Collision\CollisionMesh.h">
      <Filter>Collision</Filter>
    </ClInclude>
    <ClInclude Include="Source\Collision\Collision.h">
      <Filter>Collision</Filter>
    </ClInclude>
    <ClInclude Include="Game.h">
      <Filter>GameMain</Filter>
    </ClInclude>
    <ClInclude Include="Window.h">
      <Filter>GameMain</Filter>
    </ClInclude>
    <ClInclude Include="CheckMemory.h">
      <Filter>GameMain</Filter>
    </ClInclude>
    <ClInclude Include="Source\Action\AStarSolver.h">
      <Filter>Action</Filter>
    </ClInclude>
    <ClInclude Include="Source\Action\CombatSystem.h">
      <Filter>Action</Filter>
    </ClInclude>
    <ClInclude Include="Source\Action\Combat\CombatEnemyStateUtil.h">
      <Filter>Action\Combat</Filter>
    </ClInclude>
    <ClInclude Include="Source\Action\EnemyFactory.h">
      <Filter>Action</Filter>
    </ClInclude>
    <ClInclude Include="Source\Action\GameState.h">
      <Filter>Action</Filter>
    </ClInclude>
    <ClInclude Include="Source\Action\PathGrid.h">
      <Filter>Action</Filter>
    </ClInclude>
    <ClInclude Include="Source\Action\SurvivalDirector.h">
      <Filter>Action</Filter>
    </ClInclude>
    <ClInclude Include="Source\GameSystem\UIShaderText.h">
      <Filter>GameSystem</Filter>
    </ClInclude>
    <ClInclude Include="Source\Action\BattleRuleBook.h">
      <Filter>Action</Filter>
    </ClInclude>
    <ClInclude Include="Source\Scene\Base\ActionSceneBase.h">
      <Filter>Scene\Base</Filter>
    </ClInclude>
    <ClInclude Include="Source\Scene\Base\SceneUiSound.h">
      <Filter>Scene\Base</Filter>
    </ClInclude>
    <ClInclude Include="Source\Scene\StageSelectScene\StageSelectScene.h">
      <Filter>Scene\Select</Filter>
    </ClInclude>
    <ClInclude Include="Source\Utility\SimpleMathEx.h">
      <Filter>Utility</Filter>
    </ClInclude>
    <ClInclude Include="Source\Scene\SettingsScene\SettingsScene.h">
      <Filter>Scene\Settings</Filter>
    </ClInclude>
    <ClInclude Include="Source\Scene\GameScene\Visual\GameSceneVisualPalette.h">
      <Filter>Scene\GameScene\Visual</Filter>
    </ClInclude>
    <ClInclude Include="Source\Utility\Sound\AudioSystem.h">
      <Filter>Utility\Sound</Filter>
    </ClInclude>
    <ClInclude Include="Source\Utility\Sound\AudioTypes.h">
      <Filter>Utility\Sound</Filter>
    </ClInclude>
    <ClInclude Include="Source\Scene\GameScene\EnemyVisualProfile.h">
      <Filter>Scene\GameScene\Enemy</Filter>
    </ClInclude>
    <ClInclude Include="Source\Scene\GameScene\PlayerVisualProfile.h">
      <Filter>Scene\GameScene\Player</Filter>
    </ClInclude>
    <ClInclude Include="Source\Action\BehaviorTree.h" />
    <ClInclude Include="Source\Action\NavMesh.h" />
    <ClInclude Include="Source\Core\AI\BehaviorTree.h" />
    <ClInclude Include="Source\Core\Combat\BattleRuleBook.h" />
    <ClInclude Include="Source\Core\Combat\CombatSystem.h" />
    <ClInclude Include="Source\Core\Combat\CombatTypes.h" />
    <ClInclude Include="Source\Core\Combat\EnemyFactory.h" />
    <ClInclude Include="Source\Core\Combat\GameState.h" />
    <ClInclude Include="Source\Core\Combat\SurvivalDirector.h" />
    <ClInclude Include="Source\Core\Navigation\AStarSolver.h" />
    <ClInclude Include="Source\Core\Navigation\NavMesh.h" />
    <ClInclude Include="Source\Core\Navigation\PathGrid.h" />
    <ClInclude Include="Source\Rendering\HudRenderer.h" />
    <ClInclude Include="Source\Rendering\WorldRenderer.h" />
    <ClInclude Include="Source\Scene\GameScene\GameSceneArenaLayer.h" />
    <ClInclude Include="Source\Scene\GameScene\GameSceneFlow.h" />
    <ClInclude Include="Source\Scene\GameScene\GameSceneHud.h" />
    <ClInclude Include="Source\Scene\GameScene\GameSceneCameraController.h" />
    <ClInclude Include="Source\Scene\GameScene\FollowCameraController.h" />
    <ClInclude Include="Source\Scene\GameScene\FollowCameraSettings.h" />
    <ClInclude Include="Source\Scene\GameScene\GameScenePauseController.h" />
    <ClInclude Include="Source\Scene\GameScene\GameSceneUpdate.h" />
    <ClInclude Include="Source\Scene\GameScene\GameSceneVisualPalette.h" />
    <ClInclude Include="Source\Scene\GameScene\GameSceneWorldActors.h" />
    <ClInclude Include="Source\Scene\GameScene\GameSceneWorldArena.h" />
    <ClInclude Include="Source\Scene\GameScene\GameSceneWorldBackdrop.h" />
    <ClInclude Include="Source\Scene\IScene.h" />
    <ClInclude Include="Source\Stage\ArenaObjective.h" />
    <ClInclude Include="Source\GameSystem\UIConfig.h" />
  </ItemGroup>
  <ItemGroup>
    <ClCompile Include="Source\Utility\Math.cpp">
      <Filter>Utility</Filter>
    </ClCompile>
    <ClCompile Include="Source\Scene\ResultScene\ResultScene.cpp">
      <Filter>Scene\Result</Filter>
    </ClCompile>
    <ClCompile Include="Source\GameSystem\GameSaveData.cpp">
      <Filter>GameData</Filter>
    </ClCompile>
    <ClCompile Include="Source\Scene\TitleScene\TitleScene.cpp">
      <Filter>Scene\Title</Filter>
    </ClCompile>
    <ClCompile Include="Source\Scene\GameScene\GameScene.cpp">
      <Filter>Scene\GameScene</Filter>
    </ClCompile>
    <ClCompile Include="Source\Scene\GameScene\GameSceneFlow.cpp">
      <Filter>Scene\GameScene</Filter>
    </ClCompile>
    <ClCompile Include="Source\Scene\GameScene\GameSceneArenaLayer.cpp">
      <Filter>Scene\GameScene</Filter>
    </ClCompile>
    <ClCompile Include="Source\Scene\GameScene\GameSceneHud.cpp">
      <Filter>Scene\GameScene</Filter>
    </ClCompile>
    <ClCompile Include="Source\Scene\GameScene\GameSceneCameraController.cpp">
      <Filter>Scene\GameScene</Filter>
    </ClCompile>
    <ClCompile Include="Source\Scene\GameScene\FollowCameraController.cpp">
      <Filter>Scene\GameScene</Filter>
    </ClCompile>
    <ClCompile Include="Source\Scene\GameScene\GameScenePauseController.cpp">
      <Filter>Scene\GameScene</Filter>
    </ClCompile>
    <ClCompile Include="Source\Scene\GameScene\GameSceneStage.cpp">
      <Filter>Scene\GameScene</Filter>
    </ClCompile>
    <ClCompile Include="Source\Scene\GameScene\StageFloorStyle.cpp">
      <Filter>Scene\GameScene</Filter>
    </ClCompile>
    <ClCompile Include="Source\Scene\GameScene\SlashHitEffectSystem.cpp">
      <Filter>Scene\GameScene</Filter>
    </ClCompile>
    <ClCompile Include="Source\Utility\DirectX11.cpp">
      <Filter>Utility\DirectX</Filter>
    </ClCompile>
    <ClCompile Include="Source\GameSystem\Object.cpp">
      <Filter>GameSystem</Filter>
    </ClCompile>
    <ClCompile Include="Source\GameSystem\InputManager.cpp">
      <Filter>GameSystem</Filter>
    </ClCompile>
    <ClCompile Include="Source\GameSystem\Camera.cpp">
      <Filter>GameSystem</Filter>
    </ClCompile>
    <ClCompile Include="Source\GameSystem\DrawManager.cpp">
      <Filter>GameSystem</Filter>
    </ClCompile>
    <ClCompile Include="Source\GameSystem\UiUtil.cpp">
      <Filter>GameSystem</Filter>
    </ClCompile>
    <ClCompile Include="Source\Scene\Base\SceneBase.cpp">
      <Filter>Scene\Base</Filter>
    </ClCompile>
    <ClCompile Include="Source\Scene\SceneManager\SceneManager.cpp">
      <Filter>Scene\SceneManager</Filter>
    </ClCompile>
    <ClCompile Include="Source\Collision\CollisionMesh.cpp">
      <Filter>Collision</Filter>
    </ClCompile>
    <ClCompile Include="Game.cpp">
      <Filter>GameMain</Filter>
    </ClCompile>
    <ClCompile Include="Main.cpp">
      <Filter>GameMain</Filter>
    </ClCompile>
    <ClCompile Include="Window.cpp">
      <Filter>GameMain</Filter>
    </ClCompile>
    <ClCompile Include="Source\Action\AStarSolver.cpp">
      <Filter>Action</Filter>
    </ClCompile>
    <ClCompile Include="Source\Action\CombatSystem.cpp">
      <Filter>Action</Filter>
    </ClCompile>
    <ClCompile Include="Source\Action\Combat\CombatSystem_Player.cpp">
      <Filter>Action\Combat</Filter>
    </ClCompile>
    <ClCompile Include="Source\Action\EnemyFactory.cpp">
      <Filter>Action</Filter>
    </ClCompile>
    <ClCompile Include="Source\Action\PathGrid.cpp">
      <Filter>Action</Filter>
    </ClCompile>
    <ClCompile Include="Source\Action\SurvivalDirector.cpp">
      <Filter>Action</Filter>
    </ClCompile>
    <ClCompile Include="Source\GameSystem\UIShaderText.cpp">
      <Filter>GameSystem</Filter>
    </ClCompile>
    <ClCompile Include="Source\Action\BattleRuleBook.cpp">
      <Filter>Action</Filter>
    </ClCompile>
    <ClCompile Include="Source\Scene\Base\ActionSceneBase.cpp">
      <Filter>Scene\Base</Filter>
    </ClCompile>
    <ClCompile Include="Source\Scene\StageSelectScene\StageSelectScene.cpp">
      <Filter>Scene\Select</Filter>
    </ClCompile>
    <ClCompile Include="Source\Scene\SettingsScene\SettingsScene.cpp">
      <Filter>Scene\Settings</Filter>
    </ClCompile>
    <ClCompile Include="Source\Scene\GameScene\Visual\GameSceneWorldArena.cpp">
      <Filter>Scene\GameScene\Visual</Filter>
    </ClCompile>
    <ClCompile Include="Source\Scene\GameScene\Visual\GameSceneWorldActors.cpp">
      <Filter>Scene\GameScene\Visual</Filter>
    </ClCompile>
    <ClCompile Include="Source\Utility\Sound\AudioSystem.cpp">
      <Filter>Utility\Sound</Filter>
    </ClCompile>
    <ClCompile Include="Source\Scene\GameScene\GameSceneUpdate.cpp" />
    <ClCompile Include="Source\Scene\GameScene\GameSceneWorldRender.cpp" />
    <ClCompile Include="Source\Scene\GameScene\EnemyVisualProfile.cpp">
      <Filter>Scene\GameScene\Enemy</Filter>
    </ClCompile>
    <ClCompile Include="Source\Scene\GameScene\PlayerVisualProfile.cpp">
      <Filter>Scene\GameScene\Player</Filter>
    </ClCompile>
    <ClCompile Include="Source\Scene\GameScene\GameSceneWorldArena.cpp" />
    <ClCompile Include="Source\Rendering\HudRenderer.cpp" />
    <ClCompile Include="Source\Rendering\WorldRenderer.cpp" />
  </ItemGroup>
  <ItemGroup>
    <ResourceCompile Include="resource.rc">
      <Filter>GameMain</Filter>
    </ResourceCompile>
  </ItemGroup>
  <ItemGroup>
    <None Include="settings.manifest" />
    <None Include="README.md" />
    <None Include="BUILD_NOTES.md" />
    <None Include="build.bat" />
    <None Include="package.ps1" />
    <None Include="README_JP.md" />
  </ItemGroup>
</Project>
